
Microsoft Visual Studio Solution File, Format Version 12.00
# Visual Studio Version 16
VisualStudioVersion = 16.0.29728.190
MinimumVisualStudioVersion = 10.0.40219.1
Project("{9A19103F-16F7-4668-BE54-9A1E7A4F7556}") = "JsonConverterBuilder.csharp", "JsonConverterBuilder.csharp\JsonConverterBuilder.csharp.csproj", "{9AF0DCFA-ED15-415C-AEF5-BC94ED6B494C}"
EndProject
Project("{9A19103F-16F7-4668-BE54-9A1E7A4F7556}") = "Roslyn.UnitTestFramework", "UnitTestFramework\Roslyn.UnitTestFramework.csproj", "{F2957927-A62E-4BD4-A86D-EE50EC29D7F7}"
EndProject
Project("{9A19103F-16F7-4668-BE54-9A1E7A4F7556}") = "JsonConverterBuilder.csharp.tests", "JsonConverterBuilder.csharp.tests\JsonConverterBuilder.csharp.tests.csproj", "{28D3B256-D798-4777-A4D7-06B06D6AA7C6}"
EndProject
Project("{9A19103F-16F7-4668-BE54-9A1E7A4F7556}") = "SampleJsonConverterCode", "SampleJsonConverterCode\SampleJsonConverterCode.csproj", "{E930BF5C-B0BF-49F0-94C8-1EFF65D94AE0}"
EndProject
Project("{9A19103F-16F7-4668-BE54-9A1E7A4F7556}") = "JsonConverterWriter", "JsonConverterWriter\JsonConverterWriter\JsonConverterWriter.csproj", "{4ACC5A9B-975E-439F-950B-A8B69EE6F11D}"
EndProject
Project("{FAE04EC0-301F-11D3-BF4B-00C04F79EFBC}") = "JsonConverterWriter.Vsix", "JsonConverterWriter\JsonConverterWriter.Vsix\JsonConverterWriter.Vsix.csproj", "{B84C5C48-17F4-4382-BE32-B5F83246B9EC}"
EndProject
Project("{FAE04EC0-301F-11D3-BF4B-00C04F79EFBC}") = "SampleCodeBeforeConversion", "SampleCodeBeforeConversion\SampleCodeBeforeConversion.csproj", "{AB311446-44CA-4ECD-A98B-10A44FA21B4C}"
EndProject
Global
	GlobalSection(SolutionConfigurationPlatforms) = preSolution
		Debug|Any CPU = Debug|Any CPU
		Release|Any CPU = Release|Any CPU
	EndGlobalSection
	GlobalSection(ProjectConfigurationPlatforms) = postSolution
		{9AF0DCFA-ED15-415C-AEF5-BC94ED6B494C}.Debug|Any CPU.ActiveCfg = Debug|Any CPU
		{9AF0DCFA-ED15-415C-AEF5-BC94ED6B494C}.Debug|Any CPU.Build.0 = Debug|Any CPU
		{9AF0DCFA-ED15-415C-AEF5-BC94ED6B494C}.Release|Any CPU.ActiveCfg = Release|Any CPU
		{9AF0DCFA-ED15-415C-AEF5-BC94ED6B494C}.Release|Any CPU.Build.0 = Release|Any CPU
		{F2957927-A62E-4BD4-A86D-EE50EC29D7F7}.Debug|Any CPU.ActiveCfg = Debug|Any CPU
		{F2957927-A62E-4BD4-A86D-EE50EC29D7F7}.Debug|Any CPU.Build.0 = Debug|Any CPU
		{F2957927-A62E-4BD4-A86D-EE50EC29D7F7}.Release|Any CPU.ActiveCfg = Release|Any CPU
		{F2957927-A62E-4BD4-A86D-EE50EC29D7F7}.Release|Any CPU.Build.0 = Release|Any CPU
		{28D3B256-D798-4777-A4D7-06B06D6AA7C6}.Debug|Any CPU.ActiveCfg = Debug|Any CPU
		{28D3B256-D798-4777-A4D7-06B06D6AA7C6}.Debug|Any CPU.Build.0 = Debug|Any CPU
		{28D3B256-D798-4777-A4D7-06B06D6AA7C6}.Release|Any CPU.ActiveCfg = Release|Any CPU
		{28D3B256-D798-4777-A4D7-06B06D6AA7C6}.Release|Any CPU.Build.0 = Release|Any CPU
		{E930BF5C-B0BF-49F0-94C8-1EFF65D94AE0}.Debug|Any CPU.ActiveCfg = Debug|Any CPU
		{E930BF5C-B0BF-49F0-94C8-1EFF65D94AE0}.Debug|Any CPU.Build.0 = Debug|Any CPU
		{E930BF5C-B0BF-49F0-94C8-1EFF65D94AE0}.Release|Any CPU.ActiveCfg = Release|Any CPU
		{E930BF5C-B0BF-49F0-94C8-1EFF65D94AE0}.Release|Any CPU.Build.0 = Release|Any CPU
		{4ACC5A9B-975E-439F-950B-A8B69EE6F11D}.Debug|Any CPU.ActiveCfg = Debug|Any CPU
		{4ACC5A9B-975E-439F-950B-A8B69EE6F11D}.Debug|Any CPU.Build.0 = Debug|Any CPU
		{4ACC5A9B-975E-439F-950B-A8B69EE6F11D}.Release|Any CPU.ActiveCfg = Release|Any CPU
		{4ACC5A9B-975E-439F-950B-A8B69EE6F11D}.Release|Any CPU.Build.0 = Release|Any CPU
		{B84C5C48-17F4-4382-BE32-B5F83246B9EC}.Debug|Any CPU.ActiveCfg = Debug|Any CPU
		{B84C5C48-17F4-4382-BE32-B5F83246B9EC}.Debug|Any CPU.Build.0 = Debug|Any CPU
		{B84C5C48-17F4-4382-BE32-B5F83246B9EC}.Release|Any CPU.ActiveCfg = Release|Any CPU
		{B84C5C48-17F4-4382-BE32-B5F83246B9EC}.Release|Any CPU.Build.0 = Release|Any CPU
		{AB311446-44CA-4ECD-A98B-10A44FA21B4C}.Debug|Any CPU.ActiveCfg = Debug|Any CPU
		{AB311446-44CA-4ECD-A98B-10A44FA21B4C}.Debug|Any CPU.Build.0 = Debug|Any CPU
		{AB311446-44CA-4ECD-A98B-10A44FA21B4C}.Release|Any CPU.ActiveCfg = Release|Any CPU
		{AB311446-44CA-4ECD-A98B-10A44FA21B4C}.Release|Any CPU.Build.0 = Release|Any CPU
	EndGlobalSection
	GlobalSection(SolutionProperties) = preSolution
		HideSolutionNode = FALSE
	EndGlobalSection
	GlobalSection(ExtensibilityGlobals) = postSolution
		SolutionGuid = {C440691F-D239-44F1-A370-256D7DF67220}
	EndGlobalSection
EndGlobal
